
Microsoft Visual Studio Solution File, Format Version 12.00
# Visual Studio 15
VisualStudioVersion = 15.0.27130.2020
MinimumVisualStudioVersion = 10.0.40219.1
Project("{FAE04EC0-301F-11D3-BF4B-00C04F79EFBC}") = "TaskProject", "TaskProject\TaskProject.csproj", "{C1102B97-00DD-4A79-919D-702190573D27}"
EndProject
Project("{FAE04EC0-301F-11D3-BF4B-00C04F79EFBC}") = "TaskProjectTests", "TaskProjectTests\TaskProjectTests.csproj", "{A9F0460C-A8A2-4F13-AC6C-99471F79CAA0}"
EndProject
Global
	GlobalSection(SolutionConfigurationPlatforms) = preSolution
		Debug|Any CPU = Debug|Any CPU
		Release|Any CPU = Release|Any CPU
	EndGlobalSection
	GlobalSection(ProjectConfigurationPlatforms) = postSolution
		{C1102B97-00DD-4A79-919D-702190573D27}.Debug|Any CPU.ActiveCfg = Debug|Any CPU
		{C1102B97-00DD-4A79-919D-702190573D27}.Debug|Any CPU.Build.0 = Debug|Any CPU
		{C1102B97-00DD-4A79-919D-702190573D27}.Release|Any CPU.ActiveCfg = Release|Any CPU
		{C1102B97-00DD-4A79-919D-702190573D27}.Release|Any CPU.Build.0 = Release|Any CPU
		{A9F0460C-A8A2-4F13-AC6C-99471F79CAA0}.Debug|Any CPU.ActiveCfg = Debug|Any CPU
		{A9F0460C-A8A2-4F13-AC6C-99471F79CAA0}.Debug|Any CPU.Build.0 = Debug|Any CPU
		{A9F0460C-A8A2-4F13-AC6C-99471F79CAA0}.Release|Any CPU.ActiveCfg = Release|Any CPU
		{A9F0460C-A8A2-4F13-AC6C-99471F79CAA0}.Release|Any CPU.Build.0 = Release|Any CPU
	EndGlobalSection
	GlobalSection(SolutionProperties) = preSolution
		HideSolutionNode = FALSE
	EndGlobalSection
	GlobalSection(ExtensibilityGlobals) = postSolution
		SolutionGuid = {36CACD3C-1769-4157-BD84-D0B06608F773}
	EndGlobalSection
EndGlobal
